# This file is automatically @generated by Cargo.
# It is not intended for manual editing.
[[package]]
name = "autocfg"
version = "1.0.1"
source = "registry+https://github.com/rust-lang/crates.io-index"
checksum = "cdb031dd78e28731d87d56cc8ffef4a8f36ca26c38fe2de700543e627f8a464a"

[[package]]
name = "bitflags"
version = "1.2.1"
source = "registry+https://github.com/rust-lang/crates.io-index"
checksum = "cf1de2fe8c75bc145a2f577add951f8134889b4795d47466a54a5c846d691693"

[[package]]
name = "block"
version = "0.1.0"

[[package]]
name = "cc"
version = "1.0.71"
source = "registry+https://github.com/rust-lang/crates.io-index"
checksum = "79c2681d6594606957bbb8631c4b90a7fcaaa72cdb714743a437b156d6a7eedd"

[[package]]
name = "cfg-if"
version = "1.0.0"
source = "registry+https://github.com/rust-lang/crates.io-index"
checksum = "baf1de4339761588bc0619e3cbc0120ee582ebb74b53b4efbf79117bd2da40fd"

[[package]]
name = "chrono"
version = "0.4.19"
source = "registry+https://github.com/rust-lang/crates.io-index"
checksum = "670ad68c9088c2a963aaa298cb369688cf3f9465ce5e2d4ca10e6e0098a1ce73"
dependencies = [
 "libc",
 "num-integer",
 "num-traits",
 "time",
 "winapi",
]

[[package]]
name = "date"
version = "0.1.0"
dependencies = [
 "block",
 "chrono",
]

[[package]]
name = "file"
version = "0.1.0"
dependencies = [
 "block",
]

[[package]]
name = "gethostname"
version = "0.2.1"
source = "registry+https://github.com/rust-lang/crates.io-index"
checksum = "e692e296bfac1d2533ef168d0b60ff5897b8b70a4009276834014dd8924cc028"
dependencies = [
 "libc",
 "winapi",
]

[[package]]
name = "itoa"
version = "0.4.8"
source = "registry+https://github.com/rust-lang/crates.io-index"
checksum = "b71991ff56294aa922b450139ee08b3bfc70982c6b2c7562771375cf73542dd4"

[[package]]
name = "libc"
version = "0.2.103"
source = "registry+https://github.com/rust-lang/crates.io-index"
checksum = "dd8f7255a17a627354f321ef0055d63b898c6fb27eff628af4d1b66b7331edf6"

[[package]]
name = "libpulse-binding"
version = "2.25.0"
source = "registry+https://github.com/rust-lang/crates.io-index"
checksum = "86835d7763ded6bc16b6c0061ec60214da7550dfcd4ef93745f6f0096129676a"
dependencies = [
 "bitflags",
 "libc",
 "libpulse-sys",
 "num-derive",
 "num-traits",
 "winapi",
]

[[package]]
name = "libpulse-sys"
version = "1.19.2"
source = "registry+https://github.com/rust-lang/crates.io-index"
checksum = "f12950b69c1b66233a900414befde36c8d4ea49deec1e1f34e4cd2f586e00c7d"
dependencies = [
 "libc",
 "num-derive",
 "num-traits",
 "pkg-config",
 "winapi",
]

[[package]]
name = "memoffset"
version = "0.6.4"
source = "registry+https://github.com/rust-lang/crates.io-index"
checksum = "59accc507f1338036a0477ef61afdae33cde60840f4dfe481319ce3ad116ddf9"
dependencies = [
 "autocfg",
]

[[package]]
name = "nix"
version = "0.22.2"
source = "registry+https://github.com/rust-lang/crates.io-index"
checksum = "d3bb9a13fa32bc5aeb64150cd3f32d6cf4c748f8f8a417cce5d2eb976a8370ba"
dependencies = [
 "bitflags",
 "cc",
 "cfg-if",
 "libc",
 "memoffset",
]

[[package]]
name = "num-derive"
version = "0.3.3"
source = "registry+https://github.com/rust-lang/crates.io-index"
checksum = "876a53fff98e03a936a674b29568b0e605f06b29372c2489ff4de23f1949743d"
dependencies = [
 "proc-macro2",
 "quote",
 "syn",
]

[[package]]
name = "num-integer"
version = "0.1.44"
source = "registry+https://github.com/rust-lang/crates.io-index"
checksum = "d2cc698a63b549a70bc047073d2949cce27cd1c7b0a4a862d08a8031bc2801db"
dependencies = [
 "autocfg",
 "num-traits",
]

[[package]]
name = "num-traits"
version = "0.2.14"
source = "registry+https://github.com/rust-lang/crates.io-index"
checksum = "9a64b1ec5cda2586e284722486d802acf1f7dbdc623e2bfc57e65ca1cd099290"
dependencies = [
 "autocfg",
]

[[package]]
name = "pkg-config"
version = "0.3.20"
source = "registry+https://github.com/rust-lang/crates.io-index"
checksum = "7c9b1041b4387893b91ee6746cddfc28516aff326a3519fb2adf820932c5e6cb"

[[package]]
name = "proc-macro2"
version = "1.0.29"
source = "registry+https://github.com/rust-lang/crates.io-index"
checksum = "b9f5105d4fdaab20335ca9565e106a5d9b82b6219b5ba735731124ac6711d23d"
dependencies = [
 "unicode-xid",
]

[[package]]
name = "procstat"
version = "1.0.4"
source = "registry+https://github.com/rust-lang/crates.io-index"
checksum = "4a2fc89593746e7fd101d9e1173e2cacaecf344fe236660126d6f23e3a25ab44"

[[package]]
name = "pulsectl-rs"
version = "0.3.2"
source = "registry+https://github.com/rust-lang/crates.io-index"
checksum = "06a988bceed1981b2c5fc4a3da0e4e073fdaff8e6bd022b089f54bc573dc3cfc"
dependencies = [
 "libpulse-binding",
]

[[package]]
name = "quote"
version = "1.0.10"
source = "registry+https://github.com/rust-lang/crates.io-index"
checksum = "38bc8cc6a5f2e3655e0899c1b848643b2562f853f114bfec7be120678e3ace05"
dependencies = [
 "proc-macro2",
]

[[package]]
name = "ryu"
version = "1.0.5"
source = "registry+https://github.com/rust-lang/crates.io-index"
checksum = "71d301d4193d031abdd79ff7e3dd721168a9572ef3fe51a1517aba235bd8f86e"

[[package]]
name = "serde"
version = "1.0.130"
source = "registry+https://github.com/rust-lang/crates.io-index"
checksum = "f12d06de37cf59146fbdecab66aa99f9fe4f78722e3607577a5375d66bd0c913"
dependencies = [
 "serde_derive",
]

[[package]]
name = "serde_derive"
version = "1.0.130"
source = "registry+https://github.com/rust-lang/crates.io-index"
checksum = "d7bc1a1ab1961464eae040d96713baa5a724a8152c1222492465b54322ec508b"
dependencies = [
 "proc-macro2",
 "quote",
 "syn",
]

[[package]]
name = "serde_json"
version = "1.0.68"
source = "registry+https://github.com/rust-lang/crates.io-index"
checksum = "0f690853975602e1bfe1ccbf50504d67174e3bcf340f23b5ea9992e0587a52d8"
dependencies = [
 "itoa",
 "ryu",
 "serde",
]

[[package]]
name = "sh"
version = "0.1.0"
dependencies = [
 "block",
]

[[package]]
name = "statusbar"
version = "0.1.0"
dependencies = [
 "block",
 "date",
 "file",
 "serde",
 "sh",
 "system-resources",
 "tinytemplate",
 "volume",
 "x11rb",
]

[[package]]
name = "syn"
version = "1.0.80"
source = "registry+https://github.com/rust-lang/crates.io-index"
checksum = "d010a1623fbd906d51d650a9916aaefc05ffa0e4053ff7fe601167f3e715d194"
dependencies = [
 "proc-macro2",
 "quote",
 "unicode-xid",
]

[[package]]
name = "system-resources"
version = "0.1.0"
dependencies = [
 "block",
 "procstat",
]

[[package]]
name = "time"
version = "0.1.44"
source = "registry+https://github.com/rust-lang/crates.io-index"
checksum = "6db9e6914ab8b1ae1c260a4ae7a49b6c5611b40328a735b21862567685e73255"
dependencies = [
 "libc",
 "wasi",
 "winapi",
]

[[package]]
name = "tinytemplate"
version = "1.2.1"
source = "registry+https://github.com/rust-lang/crates.io-index"
checksum = "be4d6b5f19ff7664e8c98d03e2139cb510db9b0a60b55f8e8709b689d939b6bc"
dependencies = [
 "serde",
 "serde_json",
]

[[package]]
name = "unicode-xid"
version = "0.2.2"
source = "registry+https://github.com/rust-lang/crates.io-index"
checksum = "8ccb82d61f80a663efe1f787a51b16b5a51e3314d6ac365b08639f52387b33f3"

[[package]]
name = "volume"
version = "0.1.0"
dependencies = [
 "block",
 "pulsectl-rs",
]

[[package]]
name = "wasi"
version = "0.10.0+wasi-snapshot-preview1"
source = "registry+https://github.com/rust-lang/crates.io-index"
checksum = "1a143597ca7c7793eff794def352d41792a93c481eb1042423ff7ff72ba2c31f"

[[package]]
name = "winapi"
version = "0.3.9"
source = "registry+https://github.com/rust-lang/crates.io-index"
checksum = "5c839a674fcd7a98952e593242ea400abe93992746761e38641405d28b00f419"
dependencies = [
 "winapi-i686-pc-windows-gnu",
 "winapi-x86_64-pc-windows-gnu",
]

[[package]]
name = "winapi-i686-pc-windows-gnu"
version = "0.4.0"
source = "registry+https://github.com/rust-lang/crates.io-index"
checksum = "ac3b87c63620426dd9b991e5ce0329eff545bccbbb34f3be09ff6fb6ab51b7b6"

[[package]]
name = "winapi-wsapoll"
version = "0.1.1"
source = "registry+https://github.com/rust-lang/crates.io-index"
checksum = "44c17110f57155602a80dca10be03852116403c9ff3cd25b079d666f2aa3df6e"
dependencies = [
 "winapi",
]

[[package]]
name = "winapi-x86_64-pc-windows-gnu"
version = "0.4.0"
source = "registry+https://github.com/rust-lang/crates.io-index"
checksum = "712e227841d057c1ee1cd2fb22fa7e5a5461ae8e48fa2ca79ec42cfc1931183f"

[[package]]
name = "x11rb"
version = "0.9.0"
source = "registry+https://github.com/rust-lang/crates.io-index"
checksum = "6e99be55648b3ae2a52342f9a870c0e138709a3493261ce9b469afe6e4df6d8a"
dependencies = [
 "gethostname",
 "nix",
 "winapi",
 "winapi-wsapoll",
]
